hash: 896dedfb8cb43131c47789d729be2545803b34582a24e4fa4e672b0d291a5c0a
updated: 2017-03-27T18:42:53.291019288+02:00
imports:
- name: github.com/cactus/go-statsd-client
  version: 91c326c3f7bd20f0226d3d1c289dd9f8ce28d33d
- name: github.com/michaelklishin/rabbit-hole
  version: c5c30aa7b85409c68b9ba3f81dab4f24117dab85
- name: github.com/sirupsen/logrus
  version: ba1b36c82c5e05c4f912a88eab0dcd91a171688f
- name: github.com/spf13/viper
  version: 84f94806c67f59dd7ae87bc5351f7a9c94a4558d
- name: golang.org/x/sys
  version: afadfcc7779c1f4db0f6f6438afcb108d9c9c7cd
  subpackages:
  - unix
testImports: []
